
Microsoft Visual Studio Solution File, Format Version 12.00
# Visual Studio Version 17
VisualStudioVersion = 17.0.32014.148
MinimumVisualStudioVersion = 10.0.40219.1
Project("{FAE04EC0-301F-11D3-BF4B-00C04F79EFBC}") = "apis", "apis\apis.csproj", "{BBEDA206-38F3-43B9-8027-98A989965FD9}"
EndProject
Global
	GlobalSection(SolutionConfigurationPlatforms) = preSolution
		Debug|Any CPU = Debug|Any CPU
		Release|Any CPU = Release|Any CPU
	EndGlobalSection
	GlobalSection(ProjectConfigurationPlatforms) = postSolution
		{BBEDA206-38F3-43B9-8027-98A989965FD9}.Debug|Any CPU.ActiveCfg = Debug|Any CPU
		{BBEDA206-38F3-43B9-8027-98A989965FD9}.Debug|Any CPU.Build.0 = Debug|Any CPU
		{BBEDA206-38F3-43B9-8027-98A989965FD9}.Release|Any CPU.ActiveCfg = Release|Any CPU
		{BBEDA206-38F3-43B9-8027-98A989965FD9}.Release|Any CPU.Build.0 = Release|Any CPU
	EndGlobalSection
	GlobalSection(SolutionProperties) = preSolution
		HideSolutionNode = FALSE
	EndGlobalSection
	GlobalSection(ExtensibilityGlobals) = postSolution
		SolutionGuid = {7AE4BA53-164E-460D-8A0E-3268D5583A3C}
	EndGlobalSection
EndGlobal
